// !$*UTF8*$!
{
	archiveVersion = 1;
	classes = {
	};
	objectVersion = 51;
	objects = {

/* Begin PBXBuildFile section */
		0826552C938792D663CBAED2 /* Pods_Komarista_KomaristaUITests.framework in Frameworks */ = {isa = PBXBuildFile; fileRef = A8A918219472D0C4FB8EE749 /* Pods_Komarista_KomaristaUITests.framework */; };
		733DA7B3281CA07A907D8F4A /* Pods_KomaristaTests.framework in Frameworks */ = {isa = PBXBuildFile; fileRef = 9AF1EA60E5126BEE2024CDDB /* Pods_KomaristaTests.framework */; };
		9CC6F056EF65E77612E8FE0E /* Pods_Komarista.framework in Frameworks */ = {isa = PBXBuildFile; fileRef = 7C3D430B4C4C3325B1322887 /* Pods_Komarista.framework */; };
		C7276EA826BF0884007D2512 /* GoogleService-Info.plist in Resources */ = {isa = PBXBuildFile; fileRef = C7276EA726BF0884007D2512 /* GoogleService-Info.plist */; };
		C72864EC26D2A29F00BB0645 /* CategoryList.swift in Sources */ = {isa = PBXBuildFile; fileRef = C72864EB26D2A29F00BB0645 /* CategoryList.swift */; };
		C72864F126D2A2ED00BB0645 /* CategoryListViewModel.swift in Sources */ = {isa = PBXBuildFile; fileRef = C72864F026D2A2ED00BB0645 /* CategoryListViewModel.swift */; };
		C72864FA26D2A38A00BB0645 /* CategoryListService.swift in Sources */ = {isa = PBXBuildFile; fileRef = C72864F926D2A38A00BB0645 /* CategoryListService.swift */; };
		C72864FF26D2A39F00BB0645 /* CategoryListRepository.swift in Sources */ = {isa = PBXBuildFile; fileRef = C72864FE26D2A39F00BB0645 /* CategoryListRepository.swift */; };
		C728651026D2A49000BB0645 /* Home.swift in Sources */ = {isa = PBXBuildFile; fileRef = C728650F26D2A49000BB0645 /* Home.swift */; };
		C728651826D2CC0500BB0645 /* MyRooms.swift in Sources */ = {isa = PBXBuildFile; fileRef = C728651726D2CC0500BB0645 /* MyRooms.swift */; };
		C728652026D2CC1B00BB0645 /* MyRoomsViewModel.swift in Sources */ = {isa = PBXBuildFile; fileRef = C728651F26D2CC1B00BB0645 /* MyRoomsViewModel.swift */; };
		C728652526D2CC2C00BB0645 /* MyRoomsService.swift in Sources */ = {isa = PBXBuildFile; fileRef = C728652426D2CC2C00BB0645 /* MyRoomsService.swift */; };
		C728652A26D2CC3A00BB0645 /* MyRoomsRepository.swift in Sources */ = {isa = PBXBuildFile; fileRef = C728652926D2CC3A00BB0645 /* MyRoomsRepository.swift */; };
		C728655A26D2D61300BB0645 /* Category.swift in Sources */ = {isa = PBXBuildFile; fileRef = C728655926D2D61300BB0645 /* Category.swift */; };
		C728656226D2D90000BB0645 /* Publisher+Extension.swift in Sources */ = {isa = PBXBuildFile; fileRef = C728656126D2D90000BB0645 /* Publisher+Extension.swift */; };
		C728657726D2EB2700BB0645 /* ActivityIndicatorView.swift in Sources */ = {isa = PBXBuildFile; fileRef = C728657626D2EB2700BB0645 /* ActivityIndicatorView.swift */; };
		C75B1D0126CFB13400C9C527 /* ErrorEntity.swift in Sources */ = {isa = PBXBuildFile; fileRef = C75B1D0026CFB13400C9C527 /* ErrorEntity.swift */; };
		C78944C626CA9D9000C04962 /* WebRepository.swift in Sources */ = {isa = PBXBuildFile; fileRef = C78944C526CA9D9000C04962 /* WebRepository.swift */; };
		C78944CB26CA9DF900C04962 /* HTTPRequestBuilder.swift in Sources */ = {isa = PBXBuildFile; fileRef = C78944CA26CA9DF900C04962 /* HTTPRequestBuilder.swift */; };
		C78944DA26CAD41700C04962 /* HTTPRequestBuilderTests.swift in Sources */ = {isa = PBXBuildFile; fileRef = C78944D926CAD41700C04962 /* HTTPRequestBuilderTests.swift */; };
		C78944E626CC424400C04962 /* APIRequestBuilderFactory.swift in Sources */ = {isa = PBXBuildFile; fileRef = C78944E526CC424400C04962 /* APIRequestBuilderFactory.swift */; };
		C78944ED26CD0E3F00C04962 /* Bundle+Extension.swift in Sources */ = {isa = PBXBuildFile; fileRef = C78944EC26CD0E3F00C04962 /* Bundle+Extension.swift */; };
		C78944F526CD0FE000C04962 /* APIRepository.swift in Sources */ = {isa = PBXBuildFile; fileRef = C78944F426CD0FE000C04962 /* APIRepository.swift */; };
		C789450526CD39BC00C04962 /* AuthRepository.swift in Sources */ = {isa = PBXBuildFile; fileRef = C789450426CD39BC00C04962 /* AuthRepository.swift */; };
		C789450A26CD3AD000C04962 /* UserSession.swift in Sources */ = {isa = PBXBuildFile; fileRef = C789450926CD3AD000C04962 /* UserSession.swift */; };
		C79297EE26BF05F70022716D /* AppDelegate.swift in Sources */ = {isa = PBXBuildFile; fileRef = C79297ED26BF05F70022716D /* AppDelegate.swift */; };
		C79297F026BF05F70022716D /* SceneDelegate.swift in Sources */ = {isa = PBXBuildFile; fileRef = C79297EF26BF05F70022716D /* SceneDelegate.swift */; };
		C79297F226BF05F70022716D /* ContentView.swift in Sources */ = {isa = PBXBuildFile; fileRef = C79297F126BF05F70022716D /* ContentView.swift */; };
		C79297F426BF05F80022716D /* Assets.xcassets in Resources */ = {isa = PBXBuildFile; fileRef = C79297F326BF05F80022716D /* Assets.xcassets */; };
		C79297F726BF05F80022716D /* Preview Assets.xcassets in Resources */ = {isa = PBXBuildFile; fileRef = C79297F626BF05F80022716D /* Preview Assets.xcassets */; };
		C79297FA26BF05F80022716D /* LaunchScreen.storyboard in Resources */ = {isa = PBXBuildFile; fileRef = C79297F826BF05F80022716D /* LaunchScreen.storyboard */; };
		C792981026BF05F80022716D /* KomaristaUITests.swift in Sources */ = {isa = PBXBuildFile; fileRef = C792980F26BF05F80022716D /* KomaristaUITests.swift */; };
		C7B5409C26D139630011192E /* SignInViewModel.swift in Sources */ = {isa = PBXBuildFile; fileRef = C7B5409B26D139630011192E /* SignInViewModel.swift */; };
		C7B540A926D13AAF0011192E /* AuthService.swift in Sources */ = {isa = PBXBuildFile; fileRef = C7B540A826D13AAF0011192E /* AuthService.swift */; };
		C7B540B126D13B470011192E /* SignIn.swift in Sources */ = {isa = PBXBuildFile; fileRef = C7B540B026D13B470011192E /* SignIn.swift */; };
		C7B540B926D142400011192E /* Loadable.swift in Sources */ = {isa = PBXBuildFile; fileRef = C7B540B826D142400011192E /* Loadable.swift */; };
		C7B540BE26D174320011192E /* CancelBag.swift in Sources */ = {isa = PBXBuildFile; fileRef = C7B540BD26D174320011192E /* CancelBag.swift */; };
		C7B540C326D180AB0011192E /* ObservableObject+Extension.swift in Sources */ = {isa = PBXBuildFile; fileRef = C7B540C226D180AB0011192E /* ObservableObject+Extension.swift */; };
		C7B540EC26D27B460011192E /* View+Extension.swift in Sources */ = {isa = PBXBuildFile; fileRef = C7B540EB26D27B460011192E /* View+Extension.swift */; };
		C7B540FB26D27BA30011192E /* Localizable.strings in Resources */ = {isa = PBXBuildFile; fileRef = C7B540FD26D27BA30011192E /* Localizable.strings */; };
		C7B5410226D282660011192E /* String+Extension.swift in Sources */ = {isa = PBXBuildFile; fileRef = C7B5410126D282660011192E /* String+Extension.swift */; };
/* End PBXBuildFile section */

/* Begin PBXContainerItemProxy section */
		C792980126BF05F80022716D /* PBXContainerItemProxy */ = {
			isa = PBXContainerItemProxy;
			containerPortal = C79297E226BF05F70022716D /* Project object */;
			proxyType = 1;
			remoteGlobalIDString = C79297E926BF05F70022716D;
			remoteInfo = Komarista;
		};
		C792980C26BF05F80022716D /* PBXContainerItemProxy */ = {
			isa = PBXContainerItemProxy;
			containerPortal = C79297E226BF05F70022716D /* Project object */;
			proxyType = 1;
			remoteGlobalIDString = C79297E926BF05F70022716D;
			remoteInfo = Komarista;
		};
/* End PBXContainerItemProxy section */

/* Begin PBXFileReference section */
		042B7C4741254E0FAB73C39A /* Pods-Komarista.debug.xcconfig */ = {isa = PBXFileReference; includeInIndex = 1; lastKnownFileType = text.xcconfig; name = "Pods-Komarista.debug.xcconfig"; path = "Target Support Files/Pods-Komarista/Pods-Komarista.debug.xcconfig"; sourceTree = "<group>"; };
		26EA7F5C60316E26ED873929 /* Pods-Komarista-KomaristaUITests.release.xcconfig */ = {isa = PBXFileReference; includeInIndex = 1; lastKnownFileType = text.xcconfig; name = "Pods-Komarista-KomaristaUITests.release.xcconfig"; path = "Target Support Files/Pods-Komarista-KomaristaUITests/Pods-Komarista-KomaristaUITests.release.xcconfig"; sourceTree = "<group>"; };
		44BFE8F6F37ECE3725E6C2D0 /* Pods-Komarista.release.xcconfig */ = {isa = PBXFileReference; includeInIndex = 1; lastKnownFileType = text.xcconfig; name = "Pods-Komarista.release.xcconfig"; path = "Target Support Files/Pods-Komarista/Pods-Komarista.release.xcconfig"; sourceTree = "<group>"; };
		461E8B7BCB7F9584F4FAE1DF /* Pods-KomaristaTests.release.xcconfig */ = {isa = PBXFileReference; includeInIndex = 1; lastKnownFileType = text.xcconfig; name = "Pods-KomaristaTests.release.xcconfig"; path = "Target Support Files/Pods-KomaristaTests/Pods-KomaristaTests.release.xcconfig"; sourceTree = "<group>"; };
		7C3D430B4C4C3325B1322887 /* Pods_Komarista.framework */ = {isa = PBXFileReference; explicitFileType = wrapper.framework; includeInIndex = 0; path = Pods_Komarista.framework; sourceTree = BUILT_PRODUCTS_DIR; };
		80709A091B868A4EB7CA4D73 /* Pods-KomaristaTests.debug.xcconfig */ = {isa = PBXFileReference; includeInIndex = 1; lastKnownFileType = text.xcconfig; name = "Pods-KomaristaTests.debug.xcconfig"; path = "Target Support Files/Pods-KomaristaTests/Pods-KomaristaTests.debug.xcconfig"; sourceTree = "<group>"; };
		9AF1EA60E5126BEE2024CDDB /* Pods_KomaristaTests.framework */ = {isa = PBXFileReference; explicitFileType = wrapper.framework; includeInIndex = 0; path = Pods_KomaristaTests.framework; sourceTree = BUILT_PRODUCTS_DIR; };
		A8A918219472D0C4FB8EE749 /* Pods_Komarista_KomaristaUITests.framework */ = {isa = PBXFileReference; explicitFileType = wrapper.framework; includeInIndex = 0; path = Pods_Komarista_KomaristaUITests.framework; sourceTree = BUILT_PRODUCTS_DIR; };
		C7276EA726BF0884007D2512 /* GoogleService-Info.plist */ = {isa = PBXFileReference; fileEncoding = 4; lastKnownFileType = text.plist.xml; path = "GoogleService-Info.plist"; sourceTree = "<group>"; };
		C72864EB26D2A29F00BB0645 /* CategoryList.swift */ = {isa = PBXFileReference; lastKnownFileType = sourcecode.swift; path = CategoryList.swift; sourceTree = "<group>"; };
		C72864F026D2A2ED00BB0645 /* CategoryListViewModel.swift */ = {isa = PBXFileReference; lastKnownFileType = sourcecode.swift; path = CategoryListViewModel.swift; sourceTree = "<group>"; };
		C72864F926D2A38A00BB0645 /* CategoryListService.swift */ = {isa = PBXFileReference; lastKnownFileType = sourcecode.swift; path = CategoryListService.swift; sourceTree = "<group>"; };
		C72864FE26D2A39F00BB0645 /* CategoryListRepository.swift */ = {isa = PBXFileReference; lastKnownFileType = sourcecode.swift; path = CategoryListRepository.swift; sourceTree = "<group>"; };
		C728650F26D2A49000BB0645 /* Home.swift */ = {isa = PBXFileReference; lastKnownFileType = sourcecode.swift; path = Home.swift; sourceTree = "<group>"; };
		C728651726D2CC0500BB0645 /* MyRooms.swift */ = {isa = PBXFileReference; lastKnownFileType = sourcecode.swift; path = MyRooms.swift; sourceTree = "<group>"; };
		C728651F26D2CC1B00BB0645 /* MyRoomsViewModel.swift */ = {isa = PBXFileReference; lastKnownFileType = sourcecode.swift; path = MyRoomsViewModel.swift; sourceTree = "<group>"; };
		C728652426D2CC2C00BB0645 /* MyRoomsService.swift */ = {isa = PBXFileReference; lastKnownFileType = sourcecode.swift; path = MyRoomsService.swift; sourceTree = "<group>"; };
		C728652926D2CC3A00BB0645 /* MyRoomsRepository.swift */ = {isa = PBXFileReference; lastKnownFileType = sourcecode.swift; path = MyRoomsRepository.swift; sourceTree = "<group>"; };
		C728655926D2D61300BB0645 /* Category.swift */ = {isa = PBXFileReference; lastKnownFileType = sourcecode.swift; path = Category.swift; sourceTree = "<group>"; };
		C728656126D2D90000BB0645 /* Publisher+Extension.swift */ = {isa = PBXFileReference; lastKnownFileType = sourcecode.swift; path = "Publisher+Extension.swift"; sourceTree = "<group>"; };
		C728657626D2EB2700BB0645 /* ActivityIndicatorView.swift */ = {isa = PBXFileReference; lastKnownFileType = sourcecode.swift; path = ActivityIndicatorView.swift; sourceTree = "<group>"; };
		C75B1D0026CFB13400C9C527 /* ErrorEntity.swift */ = {isa = PBXFileReference; lastKnownFileType = sourcecode.swift; path = ErrorEntity.swift; sourceTree = "<group>"; };
		C78944C526CA9D9000C04962 /* WebRepository.swift */ = {isa = PBXFileReference; lastKnownFileType = sourcecode.swift; path = WebRepository.swift; sourceTree = "<group>"; };
		C78944CA26CA9DF900C04962 /* HTTPRequestBuilder.swift */ = {isa = PBXFileReference; lastKnownFileType = sourcecode.swift; path = HTTPRequestBuilder.swift; sourceTree = "<group>"; };
		C78944D926CAD41700C04962 /* HTTPRequestBuilderTests.swift */ = {isa = PBXFileReference; lastKnownFileType = sourcecode.swift; path = HTTPRequestBuilderTests.swift; sourceTree = "<group>"; };
		C78944E526CC424400C04962 /* APIRequestBuilderFactory.swift */ = {isa = PBXFileReference; lastKnownFileType = sourcecode.swift; path = APIRequestBuilderFactory.swift; sourceTree = "<group>"; };
		C78944EC26CD0E3F00C04962 /* Bundle+Extension.swift */ = {isa = PBXFileReference; lastKnownFileType = sourcecode.swift; path = "Bundle+Extension.swift"; sourceTree = "<group>"; };
		C78944F426CD0FE000C04962 /* APIRepository.swift */ = {isa = PBXFileReference; lastKnownFileType = sourcecode.swift; path = APIRepository.swift; sourceTree = "<group>"; };
		C789450426CD39BC00C04962 /* AuthRepository.swift */ = {isa = PBXFileReference; lastKnownFileType = sourcecode.swift; path = AuthRepository.swift; sourceTree = "<group>"; };
		C789450926CD3AD000C04962 /* UserSession.swift */ = {isa = PBXFileReference; lastKnownFileType = sourcecode.swift; path = UserSession.swift; sourceTree = "<group>"; };
		C79297EA26BF05F70022716D /* Komarista.app */ = {isa = PBXFileReference; explicitFileType = wrapper.application; includeInIndex = 0; path = Komarista.app; sourceTree = BUILT_PRODUCTS_DIR; };
		C79297ED26BF05F70022716D /* AppDelegate.swift */ = {isa = PBXFileReference; lastKnownFileType = sourcecode.swift; path = AppDelegate.swift; sourceTree = "<group>"; };
		C79297EF26BF05F70022716D /* SceneDelegate.swift */ = {isa = PBXFileReference; lastKnownFileType = sourcecode.swift; path = SceneDelegate.swift; sourceTree = "<group>"; };
		C79297F126BF05F70022716D /* ContentView.swift */ = {isa = PBXFileReference; lastKnownFileType = sourcecode.swift; path = ContentView.swift; sourceTree = "<group>"; };
		C79297F326BF05F80022716D /* Assets.xcassets */ = {isa = PBXFileReference; lastKnownFileType = folder.assetcatalog; path = Assets.xcassets; sourceTree = "<group>"; };
		C79297F626BF05F80022716D /* Preview Assets.xcassets */ = {isa = PBXFileReference; lastKnownFileType = folder.assetcatalog; path = "Preview Assets.xcassets"; sourceTree = "<group>"; };
		C79297F926BF05F80022716D /* Base */ = {isa = PBXFileReference; lastKnownFileType = file.storyboard; name = Base; path = Base.lproj/LaunchScreen.storyboard; sourceTree = "<group>"; };
		C79297FB26BF05F80022716D /* Info.plist */ = {isa = PBXFileReference; lastKnownFileType = text.plist.xml; path = Info.plist; sourceTree = "<group>"; };
		C792980026BF05F80022716D /* KomaristaTests.xctest */ = {isa = PBXFileReference; explicitFileType = wrapper.cfbundle; includeInIndex = 0; path = KomaristaTests.xctest; sourceTree = BUILT_PRODUCTS_DIR; };
		C792980626BF05F80022716D /* Info.plist */ = {isa = PBXFileReference; lastKnownFileType = text.plist.xml; path = Info.plist; sourceTree = "<group>"; };
		C792980B26BF05F80022716D /* KomaristaUITests.xctest */ = {isa = PBXFileReference; explicitFileType = wrapper.cfbundle; includeInIndex = 0; path = KomaristaUITests.xctest; sourceTree = BUILT_PRODUCTS_DIR; };
		C792980F26BF05F80022716D /* KomaristaUITests.swift */ = {isa = PBXFileReference; lastKnownFileType = sourcecode.swift; path = KomaristaUITests.swift; sourceTree = "<group>"; };
		C792981126BF05F80022716D /* Info.plist */ = {isa = PBXFileReference; lastKnownFileType = text.plist.xml; path = Info.plist; sourceTree = "<group>"; };
		C7B5409B26D139630011192E /* SignInViewModel.swift */ = {isa = PBXFileReference; lastKnownFileType = sourcecode.swift; path = SignInViewModel.swift; sourceTree = "<group>"; };
		C7B540A826D13AAF0011192E /* AuthService.swift */ = {isa = PBXFileReference; lastKnownFileType = sourcecode.swift; path = AuthService.swift; sourceTree = "<group>"; };
		C7B540B026D13B470011192E /* SignIn.swift */ = {isa = PBXFileReference; lastKnownFileType = sourcecode.swift; path = SignIn.swift; sourceTree = "<group>"; };
		C7B540B826D142400011192E /* Loadable.swift */ = {isa = PBXFileReference; lastKnownFileType = sourcecode.swift; path = Loadable.swift; sourceTree = "<group>"; };
		C7B540BD26D174320011192E /* CancelBag.swift */ = {isa = PBXFileReference; lastKnownFileType = sourcecode.swift; path = CancelBag.swift; sourceTree = "<group>"; };
		C7B540C226D180AB0011192E /* ObservableObject+Extension.swift */ = {isa = PBXFileReference; lastKnownFileType = sourcecode.swift; path = "ObservableObject+Extension.swift"; sourceTree = "<group>"; };
		C7B540EB26D27B460011192E /* View+Extension.swift */ = {isa = PBXFileReference; lastKnownFileType = sourcecode.swift; path = "View+Extension.swift"; sourceTree = "<group>"; };
		C7B540FC26D27BA30011192E /* en */ = {isa = PBXFileReference; lastKnownFileType = text.plist.strings; name = en; path = en.lproj/Localizable.strings; sourceTree = "<group>"; };
		C7B5410126D282660011192E /* String+Extension.swift */ = {isa = PBXFileReference; lastKnownFileType = sourcecode.swift; path = "String+Extension.swift"; sourceTree = "<group>"; };
		F1CF3D136052E180F4978578 /* Pods-Komarista-KomaristaUITests.debug.xcconfig */ = {isa = PBXFileReference; includeInIndex = 1; lastKnownFileType = text.xcconfig; name = "Pods-Komarista-KomaristaUITests.debug.xcconfig"; path = "Target Support Files/Pods-Komarista-KomaristaUITests/Pods-Komarista-KomaristaUITests.debug.xcconfig"; sourceTree = "<group>"; };
/* End PBXFileReference section */

/* Begin PBXFrameworksBuildPhase section */
		C79297E726BF05F70022716D /* Frameworks */ = {
			isa = PBXFrameworksBuildPhase;
			buildActionMask = 2147483647;
			files = (
				9CC6F056EF65E77612E8FE0E /* Pods_Komarista.framework in Frameworks */,
			);
			runOnlyForDeploymentPostprocessing = 0;
		};
		C79297FD26BF05F80022716D /* Frameworks */ = {
			isa = PBXFrameworksBuildPhase;
			buildActionMask = 2147483647;
			files = (
				733DA7B3281CA07A907D8F4A /* Pods_KomaristaTests.framework in Frameworks */,
			);
			runOnlyForDeploymentPostprocessing = 0;
		};
		C792980826BF05F80022716D /* Frameworks */ = {
			isa = PBXFrameworksBuildPhase;
			buildActionMask = 2147483647;
			files = (
				0826552C938792D663CBAED2 /* Pods_Komarista_KomaristaUITests.framework in Frameworks */,
			);
			runOnlyForDeploymentPostprocessing = 0;
		};
/* End PBXFrameworksBuildPhase section */

/* Begin PBXGroup section */
		52D34732277E73B991DBDA46 /* Frameworks */ = {
			isa = PBXGroup;
			children = (
				7C3D430B4C4C3325B1322887 /* Pods_Komarista.framework */,
				A8A918219472D0C4FB8EE749 /* Pods_Komarista_KomaristaUITests.framework */,
				9AF1EA60E5126BEE2024CDDB /* Pods_KomaristaTests.framework */,
			);
			name = Frameworks;
			sourceTree = "<group>";
		};
		AAF3EEB6C2AF2E2D850D16C9 /* Pods */ = {
			isa = PBXGroup;
			children = (
				042B7C4741254E0FAB73C39A /* Pods-Komarista.debug.xcconfig */,
				44BFE8F6F37ECE3725E6C2D0 /* Pods-Komarista.release.xcconfig */,
				F1CF3D136052E180F4978578 /* Pods-Komarista-KomaristaUITests.debug.xcconfig */,
				26EA7F5C60316E26ED873929 /* Pods-Komarista-KomaristaUITests.release.xcconfig */,
				80709A091B868A4EB7CA4D73 /* Pods-KomaristaTests.debug.xcconfig */,
				461E8B7BCB7F9584F4FAE1DF /* Pods-KomaristaTests.release.xcconfig */,
			);
			path = Pods;
			sourceTree = "<group>";
		};
		C72864E926D2A26F00BB0645 /* Category List */ = {
			isa = PBXGroup;
			children = (
				C72864EA26D2A28700BB0645 /* Presentation */,
				C72864F826D2A34700BB0645 /* Data */,
			);
			path = "Category List";
			sourceTree = "<group>";
		};
		C72864EA26D2A28700BB0645 /* Presentation */ = {
			isa = PBXGroup;
			children = (
				C72864EB26D2A29F00BB0645 /* CategoryList.swift */,
				C72864F026D2A2ED00BB0645 /* CategoryListViewModel.swift */,
			);
			path = Presentation;
			sourceTree = "<group>";
		};
		C72864F826D2A34700BB0645 /* Data */ = {
			isa = PBXGroup;
			children = (
				C728655926D2D61300BB0645 /* Category.swift */,
				C72864F926D2A38A00BB0645 /* CategoryListService.swift */,
				C72864FE26D2A39F00BB0645 /* CategoryListRepository.swift */,
			);
			path = Data;
			sourceTree = "<group>";
		};
		C728650626D2A45200BB0645 /* Home */ = {
			isa = PBXGroup;
			children = (
				C728650F26D2A49000BB0645 /* Home.swift */,
			);
			path = Home;
			sourceTree = "<group>";
		};
		C728651426D2A71F00BB0645 /* My Rooms */ = {
			isa = PBXGroup;
			children = (
				C728651626D2A73400BB0645 /* Presentation */,
				C728651526D2A72F00BB0645 /* Data */,
			);
			path = "My Rooms";
			sourceTree = "<group>";
		};
		C728651526D2A72F00BB0645 /* Data */ = {
			isa = PBXGroup;
			children = (
				C728652426D2CC2C00BB0645 /* MyRoomsService.swift */,
				C728652926D2CC3A00BB0645 /* MyRoomsRepository.swift */,
			);
			path = Data;
			sourceTree = "<group>";
		};
		C728651626D2A73400BB0645 /* Presentation */ = {
			isa = PBXGroup;
			children = (
				C728651726D2CC0500BB0645 /* MyRooms.swift */,
				C728651F26D2CC1B00BB0645 /* MyRoomsViewModel.swift */,
			);
			path = Presentation;
			sourceTree = "<group>";
		};
		C728657526D2EB0C00BB0645 /* Components */ = {
			isa = PBXGroup;
			children = (
				C728657626D2EB2700BB0645 /* ActivityIndicatorView.swift */,
			);
			path = Components;
			sourceTree = "<group>";
		};
		C75B1CF326CFA8C900C9C527 /* Domain */ = {
			isa = PBXGroup;
			children = (
				C75B1D0026CFB13400C9C527 /* ErrorEntity.swift */,
			);
			path = Domain;
			sourceTree = "<group>";
		};
		C78944C326CA97E800C04962 /* Shared */ = {
			isa = PBXGroup;
			children = (
				C728657526D2EB0C00BB0645 /* Components */,
				C75B1CF326CFA8C900C9C527 /* Domain */,
				C78944E426CC421600C04962 /* API */,
				C78944CF26CAA7A900C04962 /* Utils */,
				C78944EB26CD0E2000C04962 /* Extensions */,
			);
			path = Shared;
			sourceTree = "<group>";
		};
		C78944CF26CAA7A900C04962 /* Utils */ = {
			isa = PBXGroup;
			children = (
				C78944C526CA9D9000C04962 /* WebRepository.swift */,
				C78944CA26CA9DF900C04962 /* HTTPRequestBuilder.swift */,
				C7B540B826D142400011192E /* Loadable.swift */,
				C7B540BD26D174320011192E /* CancelBag.swift */,
			);
			path = Utils;
			sourceTree = "<group>";
		};
		C78944E426CC421600C04962 /* API */ = {
			isa = PBXGroup;
			children = (
				C789450926CD3AD000C04962 /* UserSession.swift */,
				C78944F426CD0FE000C04962 /* APIRepository.swift */,
				C78944E526CC424400C04962 /* APIRequestBuilderFactory.swift */,
			);
			path = API;
			sourceTree = "<group>";
		};
		C78944EB26CD0E2000C04962 /* Extensions */ = {
			isa = PBXGroup;
			children = (
				C7B540EB26D27B460011192E /* View+Extension.swift */,
				C78944EC26CD0E3F00C04962 /* Bundle+Extension.swift */,
				C7B540C226D180AB0011192E /* ObservableObject+Extension.swift */,
				C728656126D2D90000BB0645 /* Publisher+Extension.swift */,
				C7B5410126D282660011192E /* String+Extension.swift */,
			);
			path = Extensions;
			sourceTree = "<group>";
		};
		C78944FF26CD38B600C04962 /* Modules */ = {
			isa = PBXGroup;
			children = (
				C789450026CD38E600C04962 /* Sign In */,
				C728650626D2A45200BB0645 /* Home */,
				C72864E926D2A26F00BB0645 /* Category List */,
				C728651426D2A71F00BB0645 /* My Rooms */,
			);
			path = Modules;
			sourceTree = "<group>";
		};
		C789450026CD38E600C04962 /* Sign In */ = {
			isa = PBXGroup;
			children = (
				C7B5408B26D138A10011192E /* Presentation */,
				C789450126CD38F300C04962 /* Data */,
			);
			path = "Sign In";
			sourceTree = "<group>";
		};
		C789450126CD38F300C04962 /* Data */ = {
			isa = PBXGroup;
			children = (
				C7B540A826D13AAF0011192E /* AuthService.swift */,
				C789450426CD39BC00C04962 /* AuthRepository.swift */,
			);
			path = Data;
			sourceTree = "<group>";
		};
		C79297E126BF05F70022716D = {
			isa = PBXGroup;
			children = (
				C79297EC26BF05F70022716D /* Komarista */,
				C792980326BF05F80022716D /* KomaristaTests */,
				C792980E26BF05F80022716D /* KomaristaUITests */,
				C79297EB26BF05F70022716D /* Products */,
				AAF3EEB6C2AF2E2D850D16C9 /* Pods */,
				52D34732277E73B991DBDA46 /* Frameworks */,
			);
			sourceTree = "<group>";
		};
		C79297EB26BF05F70022716D /* Products */ = {
			isa = PBXGroup;
			children = (
				C79297EA26BF05F70022716D /* Komarista.app */,
				C792980026BF05F80022716D /* KomaristaTests.xctest */,
				C792980B26BF05F80022716D /* KomaristaUITests.xctest */,
			);
			name = Products;
			sourceTree = "<group>";
		};
		C79297EC26BF05F70022716D /* Komarista */ = {
			isa = PBXGroup;
			children = (
				C78944FF26CD38B600C04962 /* Modules */,
				C78944C326CA97E800C04962 /* Shared */,
				C79297ED26BF05F70022716D /* AppDelegate.swift */,
				C79297EF26BF05F70022716D /* SceneDelegate.swift */,
				C79297F126BF05F70022716D /* ContentView.swift */,
				C79297F326BF05F80022716D /* Assets.xcassets */,
				C7B540FD26D27BA30011192E /* Localizable.strings */,
				C79297F826BF05F80022716D /* LaunchScreen.storyboard */,
				C79297FB26BF05F80022716D /* Info.plist */,
				C7276EA726BF0884007D2512 /* GoogleService-Info.plist */,
				C79297F526BF05F80022716D /* Preview Content */,
			);
			path = Komarista;
			sourceTree = "<group>";
		};
		C79297F526BF05F80022716D /* Preview Content */ = {
			isa = PBXGroup;
			children = (
				C79297F626BF05F80022716D /* Preview Assets.xcassets */,
			);
			path = "Preview Content";
			sourceTree = "<group>";
		};
		C792980326BF05F80022716D /* KomaristaTests */ = {
			isa = PBXGroup;
			children = (
				C78944D926CAD41700C04962 /* HTTPRequestBuilderTests.swift */,
				C792980626BF05F80022716D /* Info.plist */,
			);
			path = KomaristaTests;
			sourceTree = "<group>";
		};
		C792980E26BF05F80022716D /* KomaristaUITests */ = {
			isa = PBXGroup;
			children = (
				C792980F26BF05F80022716D /* KomaristaUITests.swift */,
				C792981126BF05F80022716D /* Info.plist */,
			);
			path = KomaristaUITests;
			sourceTree = "<group>";
		};
		C7B5408B26D138A10011192E /* Presentation */ = {
			isa = PBXGroup;
			children = (
				C7B540B026D13B470011192E /* SignIn.swift */,
				C7B5409B26D139630011192E /* SignInViewModel.swift */,
			);
			path = Presentation;
			sourceTree = "<group>";
		};
/* End PBXGroup section */

/* Begin PBXNativeTarget section */
		C79297E926BF05F70022716D /* Komarista */ = {
			isa = PBXNativeTarget;
			buildConfigurationList = C792981426BF05F80022716D /* Build configuration list for PBXNativeTarget "Komarista" */;
			buildPhases = (
				B3D3870AD607787968801353 /* [CP] Check Pods Manifest.lock */,
				C79297E626BF05F70022716D /* Sources */,
				C79297E726BF05F70022716D /* Frameworks */,
				C79297E826BF05F70022716D /* Resources */,
				9519ABCEF58D2486A6B75266 /* [CP] Embed Pods Frameworks */,
				E31CBD872BBC2DC6B1A4D9CA /* [CP] Copy Pods Resources */,
			);
			buildRules = (
			);
			dependencies = (
			);
			name = Komarista;
			productName = Komarista;
			productReference = C79297EA26BF05F70022716D /* Komarista.app */;
			productType = "com.apple.product-type.application";
		};
		C79297FF26BF05F80022716D /* KomaristaTests */ = {
			isa = PBXNativeTarget;
			buildConfigurationList = C792981726BF05F80022716D /* Build configuration list for PBXNativeTarget "KomaristaTests" */;
			buildPhases = (
				43D59CF98908B09F6C24E831 /* [CP] Check Pods Manifest.lock */,
				C79297FC26BF05F80022716D /* Sources */,
				C79297FD26BF05F80022716D /* Frameworks */,
				C79297FE26BF05F80022716D /* Resources */,
			);
			buildRules = (
			);
			dependencies = (
				C792980226BF05F80022716D /* PBXTargetDependency */,
			);
			name = KomaristaTests;
			productName = KomaristaTests;
			productReference = C792980026BF05F80022716D /* KomaristaTests.xctest */;
			productType = "com.apple.product-type.bundle.unit-test";
		};
		C792980A26BF05F80022716D /* KomaristaUITests */ = {
			isa = PBXNativeTarget;
			buildConfigurationList = C792981A26BF05F80022716D /* Build configuration list for PBXNativeTarget "KomaristaUITests" */;
			buildPhases = (
				F25F3C889287B2B3A73EBFA6 /* [CP] Check Pods Manifest.lock */,
				C792980726BF05F80022716D /* Sources */,
				C792980826BF05F80022716D /* Frameworks */,
				C792980926BF05F80022716D /* Resources */,
				B17C25445896794C65A6D004 /* [CP] Embed Pods Frameworks */,
				6DAE5956A4A9376E26E86D48 /* [CP] Copy Pods Resources */,
			);
			buildRules = (
			);
			dependencies = (
				C792980D26BF05F80022716D /* PBXTargetDependency */,
			);
			name = KomaristaUITests;
			productName = KomaristaUITests;
			productReference = C792980B26BF05F80022716D /* KomaristaUITests.xctest */;
			productType = "com.apple.product-type.bundle.ui-testing";
		};
/* End PBXNativeTarget section */

/* Begin PBXProject section */
		C79297E226BF05F70022716D /* Project object */ = {
			isa = PBXProject;
			attributes = {
				LastSwiftUpdateCheck = 1240;
				LastUpgradeCheck = 1240;
				TargetAttributes = {
					C79297E926BF05F70022716D = {
						CreatedOnToolsVersion = 12.4;
					};
					C79297FF26BF05F80022716D = {
						CreatedOnToolsVersion = 12.4;
						TestTargetID = C79297E926BF05F70022716D;
					};
					C792980A26BF05F80022716D = {
						CreatedOnToolsVersion = 12.4;
						TestTargetID = C79297E926BF05F70022716D;
					};
				};
			};
			buildConfigurationList = C79297E526BF05F70022716D /* Build configuration list for PBXProject "Komarista" */;
			compatibilityVersion = "Xcode 9.3";
			developmentRegion = en;
			hasScannedForEncodings = 0;
			knownRegions = (
				en,
				Base,
			);
			mainGroup = C79297E126BF05F70022716D;
			productRefGroup = C79297EB26BF05F70022716D /* Products */;
			projectDirPath = "";
			projectRoot = "";
			targets = (
				C79297E926BF05F70022716D /* Komarista */,
				C79297FF26BF05F80022716D /* KomaristaTests */,
				C792980A26BF05F80022716D /* KomaristaUITests */,
			);
		};
/* End PBXProject section */

/* Begin PBXResourcesBuildPhase section */
		C79297E826BF05F70022716D /* Resources */ = {
			isa = PBXResourcesBuildPhase;
			buildActionMask = 2147483647;
			files = (
				C7B540FB26D27BA30011192E /* Localizable.strings in Resources */,
				C79297FA26BF05F80022716D /* LaunchScreen.storyboard in Resources */,
				C7276EA826BF0884007D2512 /* GoogleService-Info.plist in Resources */,
				C79297F726BF05F80022716D /* Preview Assets.xcassets in Resources */,
				C79297F426BF05F80022716D /* Assets.xcassets in Resources */,
			);
			runOnlyForDeploymentPostprocessing = 0;
		};
		C79297FE26BF05F80022716D /* Resources */ = {
			isa = PBXResourcesBuildPhase;
			buildActionMask = 2147483647;
			files = (
			);
			runOnlyForDeploymentPostprocessing = 0;
		};
		C792980926BF05F80022716D /* Resources */ = {
			isa = PBXResourcesBuildPhase;
			buildActionMask = 2147483647;
			files = (
			);
			runOnlyForDeploymentPostprocessing = 0;
		};
/* End PBXResourcesBuildPhase section */

/* Begin PBXShellScriptBuildPhase section */
		43D59CF98908B09F6C24E831 /* [CP] Check Pods Manifest.lock */ = {
			isa = PBXShellScriptBuildPhase;
			buildActionMask = 2147483647;
			files = (
			);
			inputFileListPaths = (
			);
			inputPaths = (
				"${PODS_PODFILE_DIR_PATH}/Podfile.lock",
				"${PODS_ROOT}/Manifest.lock",
			);
			name = "[CP] Check Pods Manifest.lock";
			outputFileListPaths = (
			);
			outputPaths = (
				"$(DERIVED_FILE_DIR)/Pods-KomaristaTests-checkManifestLockResult.txt",
			);
			runOnlyForDeploymentPostprocessing = 0;
			shellPath = /bin/sh;
			shellScript = "diff \"${PODS_PODFILE_DIR_PATH}/Podfile.lock\" \"${PODS_ROOT}/Manifest.lock\" > /dev/null\nif [ $? != 0 ] ; then\n    # print error to STDERR\n    echo \"error: The sandbox is not in sync with the Podfile.lock. Run 'pod install' or update your CocoaPods installation.\" >&2\n    exit 1\nfi\n# This output is used by Xcode 'outputs' to avoid re-running this script phase.\necho \"SUCCESS\" > \"${SCRIPT_OUTPUT_FILE_0}\"\n";
			showEnvVarsInLog = 0;
		};
		6DAE5956A4A9376E26E86D48 /* [CP] Copy Pods Resources */ = {
			isa = PBXShellScriptBuildPhase;
			buildActionMask = 2147483647;
			files = (
			);
			inputFileListPaths = (
				"${PODS_ROOT}/Target Support Files/Pods-Komarista-KomaristaUITests/Pods-Komarista-KomaristaUITests-resources-${CONFIGURATION}-input-files.xcfilelist",
			);
			name = "[CP] Copy Pods Resources";
			outputFileListPaths = (
				"${PODS_ROOT}/Target Support Files/Pods-Komarista-KomaristaUITests/Pods-Komarista-KomaristaUITests-resources-${CONFIGURATION}-output-files.xcfilelist",
			);
			runOnlyForDeploymentPostprocessing = 0;
			shellPath = /bin/sh;
			shellScript = "\"${PODS_ROOT}/Target Support Files/Pods-Komarista-KomaristaUITests/Pods-Komarista-KomaristaUITests-resources.sh\"\n";
			showEnvVarsInLog = 0;
		};
		9519ABCEF58D2486A6B75266 /* [CP] Embed Pods Frameworks */ = {
			isa = PBXShellScriptBuildPhase;
			buildActionMask = 2147483647;
			files = (
			);
			inputFileListPaths = (
				"${PODS_ROOT}/Target Support Files/Pods-Komarista/Pods-Komarista-frameworks-${CONFIGURATION}-input-files.xcfilelist",
			);
			name = "[CP] Embed Pods Frameworks";
			outputFileListPaths = (
				"${PODS_ROOT}/Target Support Files/Pods-Komarista/Pods-Komarista-frameworks-${CONFIGURATION}-output-files.xcfilelist",
			);
			runOnlyForDeploymentPostprocessing = 0;
			shellPath = /bin/sh;
			shellScript = "\"${PODS_ROOT}/Target Support Files/Pods-Komarista/Pods-Komarista-frameworks.sh\"\n";
			showEnvVarsInLog = 0;
		};
		B17C25445896794C65A6D004 /* [CP] Embed Pods Frameworks */ = {
			isa = PBXShellScriptBuildPhase;
			buildActionMask = 2147483647;
			files = (
			);
			inputFileListPaths = (
				"${PODS_ROOT}/Target Support Files/Pods-Komarista-KomaristaUITests/Pods-Komarista-KomaristaUITests-frameworks-${CONFIGURATION}-input-files.xcfilelist",
			);
			name = "[CP] Embed Pods Frameworks";
			outputFileListPaths = (
				"${PODS_ROOT}/Target Support Files/Pods-Komarista-KomaristaUITests/Pods-Komarista-KomaristaUITests-frameworks-${CONFIGURATION}-output-files.xcfilelist",
			);
			runOnlyForDeploymentPostprocessing = 0;
			shellPath = /bin/sh;
			shellScript = "\"${PODS_ROOT}/Target Support Files/Pods-Komarista-KomaristaUITests/Pods-Komarista-KomaristaUITests-frameworks.sh\"\n";
			showEnvVarsInLog = 0;
		};
		B3D3870AD607787968801353 /* [CP] Check Pods Manifest.lock */ = {
			isa = PBXShellScriptBuildPhase;
			buildActionMask = 2147483647;
			files = (
			);
			inputFileListPaths = (
			);
			inputPaths = (
				"${PODS_PODFILE_DIR_PATH}/Podfile.lock",
				"${PODS_ROOT}/Manifest.lock",
			);
			name = "[CP] Check Pods Manifest.lock";
			outputFileListPaths = (
			);
			outputPaths = (
				"$(DERIVED_FILE_DIR)/Pods-Komarista-checkManifestLockResult.txt",
			);
			runOnlyForDeploymentPostprocessing = 0;
			shellPath = /bin/sh;
			shellScript = "diff \"${PODS_PODFILE_DIR_PATH}/Podfile.lock\" \"${PODS_ROOT}/Manifest.lock\" > /dev/null\nif [ $? != 0 ] ; then\n    # print error to STDERR\n    echo \"error: The sandbox is not in sync with the Podfile.lock. Run 'pod install' or update your CocoaPods installation.\" >&2\n    exit 1\nfi\n# This output is used by Xcode 'outputs' to avoid re-running this script phase.\necho \"SUCCESS\" > \"${SCRIPT_OUTPUT_FILE_0}\"\n";
			showEnvVarsInLog = 0;
		};
		E31CBD872BBC2DC6B1A4D9CA /* [CP] Copy Pods Resources */ = {
			isa = PBXShellScriptBuildPhase;
			buildActionMask = 2147483647;
			files = (
			);
			inputFileListPaths = (
				"${PODS_ROOT}/Target Support Files/Pods-Komarista/Pods-Komarista-resources-${CONFIGURATION}-input-files.xcfilelist",
			);
			name = "[CP] Copy Pods Resources";
			outputFileListPaths = (
				"${PODS_ROOT}/Target Support Files/Pods-Komarista/Pods-Komarista-resources-${CONFIGURATION}-output-files.xcfilelist",
			);
			runOnlyForDeploymentPostprocessing = 0;
			shellPath = /bin/sh;
			shellScript = "\"${PODS_ROOT}/Target Support Files/Pods-Komarista/Pods-Komarista-resources.sh\"\n";
			showEnvVarsInLog = 0;
		};
		F25F3C889287B2B3A73EBFA6 /* [CP] Check Pods Manifest.lock */ = {
			isa = PBXShellScriptBuildPhase;
			buildActionMask = 2147483647;
			files = (
			);
			inputFileListPaths = (
			);
			inputPaths = (
				"${PODS_PODFILE_DIR_PATH}/Podfile.lock",
				"${PODS_ROOT}/Manifest.lock",
			);
			name = "[CP] Check Pods Manifest.lock";
			outputFileListPaths = (
			);
			outputPaths = (
				"$(DERIVED_FILE_DIR)/Pods-Komarista-KomaristaUITests-checkManifestLockResult.txt",
			);
			runOnlyForDeploymentPostprocessing = 0;
			shellPath = /bin/sh;
			shellScript = "diff \"${PODS_PODFILE_DIR_PATH}/Podfile.lock\" \"${PODS_ROOT}/Manifest.lock\" > /dev/null\nif [ $? != 0 ] ; then\n    # print error to STDERR\n    echo \"error: The sandbox is not in sync with the Podfile.lock. Run 'pod install' or update your CocoaPods installation.\" >&2\n    exit 1\nfi\n# This output is used by Xcode 'outputs' to avoid re-running this script phase.\necho \"SUCCESS\" > \"${SCRIPT_OUTPUT_FILE_0}\"\n";
			showEnvVarsInLog = 0;
		};
/* End PBXShellScriptBuildPhase section */

/* Begin PBXSourcesBuildPhase section */
		C79297E626BF05F70022716D /* Sources */ = {
			isa = PBXSourcesBuildPhase;
			buildActionMask = 2147483647;
			files = (
				C79297EE26BF05F70022716D /* AppDelegate.swift in Sources */,
				C78944C626CA9D9000C04962 /* WebRepository.swift in Sources */,
				C79297F026BF05F70022716D /* SceneDelegate.swift in Sources */,
				C72864FA26D2A38A00BB0645 /* CategoryListService.swift in Sources */,
				C728656226D2D90000BB0645 /* Publisher+Extension.swift in Sources */,
				C7B5410226D282660011192E /* String+Extension.swift in Sources */,
				C728652026D2CC1B00BB0645 /* MyRoomsViewModel.swift in Sources */,
				C789450526CD39BC00C04962 /* AuthRepository.swift in Sources */,
				C78944ED26CD0E3F00C04962 /* Bundle+Extension.swift in Sources */,
				C79297F226BF05F70022716D /* ContentView.swift in Sources */,
				C72864EC26D2A29F00BB0645 /* CategoryList.swift in Sources */,
				C72864FF26D2A39F00BB0645 /* CategoryListRepository.swift in Sources */,
				C789450A26CD3AD000C04962 /* UserSession.swift in Sources */,
				C728652A26D2CC3A00BB0645 /* MyRoomsRepository.swift in Sources */,
				C7B540C326D180AB0011192E /* ObservableObject+Extension.swift in Sources */,
				C7B5409C26D139630011192E /* SignInViewModel.swift in Sources */,
				C728657726D2EB2700BB0645 /* ActivityIndicatorView.swift in Sources */,
				C728652526D2CC2C00BB0645 /* MyRoomsService.swift in Sources */,
				C78944E626CC424400C04962 /* APIRequestBuilderFactory.swift in Sources */,
				C78944CB26CA9DF900C04962 /* HTTPRequestBuilder.swift in Sources */,
				C7B540BE26D174320011192E /* CancelBag.swift in Sources */,
				C75B1D0126CFB13400C9C527 /* ErrorEntity.swift in Sources */,
				C7B540B126D13B470011192E /* SignIn.swift in Sources */,
				C78944F526CD0FE000C04962 /* APIRepository.swift in Sources */,
				C72864F126D2A2ED00BB0645 /* CategoryListViewModel.swift in Sources */,
				C7B540A926D13AAF0011192E /* AuthService.swift in Sources */,
				C7B540EC26D27B460011192E /* View+Extension.swift in Sources */,
				C728655A26D2D61300BB0645 /* Category.swift in Sources */,
				C728651026D2A49000BB0645 /* Home.swift in Sources */,
				C7B540B926D142400011192E /* Loadable.swift in Sources */,
				C728651826D2CC0500BB0645 /* MyRooms.swift in Sources */,
			);
			runOnlyForDeploymentPostprocessing = 0;
		};
		C79297FC26BF05F80022716D /* Sources */ = {
			isa = PBXSourcesBuildPhase;
			buildActionMask = 2147483647;
			files = (
				C78944DA26CAD41700C04962 /* HTTPRequestBuilderTests.swift in Sources */,
			);
			runOnlyForDeploymentPostprocessing = 0;
		};
		C792980726BF05F80022716D /* Sources */ = {
			isa = PBXSourcesBuildPhase;
			buildActionMask = 2147483647;
			files = (
				C792981026BF05F80022716D /* KomaristaUITests.swift in Sources */,
			);
			runOnlyForDeploymentPostprocessing = 0;
		};
/* End PBXSourcesBuildPhase section */

/* Begin PBXTargetDependency section */
		C792980226BF05F80022716D /* PBXTargetDependency */ = {
			isa = PBXTargetDependency;
			target = C79297E926BF05F70022716D /* Komarista */;
			targetProxy = C792980126BF05F80022716D /* PBXContainerItemProxy */;
		};
		C792980D26BF05F80022716D /* PBXTargetDependency */ = {
			isa = PBXTargetDependency;
			target = C79297E926BF05F70022716D /* Komarista */;
			targetProxy = C792980C26BF05F80022716D /* PBXContainerItemProxy */;
		};
/* End PBXTargetDependency section */

/* Begin PBXVariantGroup section */
		C79297F826BF05F80022716D /* LaunchScreen.storyboard */ = {
			isa = PBXVariantGroup;
			children = (
				C79297F926BF05F80022716D /* Base */,
			);
			name = LaunchScreen.storyboard;
			sourceTree = "<group>";
		};
		C7B540FD26D27BA30011192E /* Localizable.strings */ = {
			isa = PBXVariantGroup;
			children = (
				C7B540FC26D27BA30011192E /* en */,
			);
			name = Localizable.strings;
			sourceTree = "<group>";
		};
/* End PBXVariantGroup section */

/* Begin XCBuildConfiguration section */
		C792981226BF05F80022716D /* Debug */ = {
			isa = XCBuildConfiguration;
			buildSettings = {
				ALWAYS_SEARCH_USER_PATHS = NO;
				CLANG_ANALYZER_NONNULL = YES;
				CLANG_ANALYZER_NUMBER_OBJECT_CONVERSION = YES_AGGRESSIVE;
				CLANG_CXX_LANGUAGE_STANDARD = "gnu++14";
				CLANG_CXX_LIBRARY = "libc++";
				CLANG_ENABLE_MODULES = YES;
				CLANG_ENABLE_OBJC_ARC = YES;
				CLANG_ENABLE_OBJC_WEAK = YES;
				CLANG_WARN_BLOCK_CAPTURE_AUTORELEASING = YES;
				CLANG_WARN_BOOL_CONVERSION = YES;
				CLANG_WARN_COMMA = YES;
				CLANG_WARN_CONSTANT_CONVERSION = YES;
				CLANG_WARN_DEPRECATED_OBJC_IMPLEMENTATIONS = YES;
				CLANG_WARN_DIRECT_OBJC_ISA_USAGE = YES_ERROR;
				CLANG_WARN_DOCUMENTATION_COMMENTS = YES;
				CLANG_WARN_EMPTY_BODY = YES;
				CLANG_WARN_ENUM_CONVERSION = YES;
				CLANG_WARN_INFINITE_RECURSION = YES;
				CLANG_WARN_INT_CONVERSION = YES;
				CLANG_WARN_NON_LITERAL_NULL_CONVERSION = YES;
				CLANG_WARN_OBJC_IMPLICIT_RETAIN_SELF = YES;
				CLANG_WARN_OBJC_LITERAL_CONVERSION = YES;
				CLANG_WARN_OBJC_ROOT_CLASS = YES_ERROR;
				CLANG_WARN_QUOTED_INCLUDE_IN_FRAMEWORK_HEADER = YES;
				CLANG_WARN_RANGE_LOOP_ANALYSIS = YES;
				CLANG_WARN_STRICT_PROTOTYPES = YES;
				CLANG_WARN_SUSPICIOUS_MOVE = YES;
				CLANG_WARN_UNGUARDED_AVAILABILITY = YES_AGGRESSIVE;
				CLANG_WARN_UNREACHABLE_CODE = YES;
				CLANG_WARN__DUPLICATE_METHOD_MATCH = YES;
				COPY_PHASE_STRIP = NO;
				DEBUG_INFORMATION_FORMAT = dwarf;
				ENABLE_STRICT_OBJC_MSGSEND = YES;
				ENABLE_TESTABILITY = YES;
				GCC_C_LANGUAGE_STANDARD = gnu11;
				GCC_DYNAMIC_NO_PIC = NO;
				GCC_NO_COMMON_BLOCKS = YES;
				GCC_OPTIMIZATION_LEVEL = 0;
				GCC_PREPROCESSOR_DEFINITIONS = (
					"DEBUG=1",
					"$(inherited)",
				);
				GCC_WARN_64_TO_32_BIT_CONVERSION = YES;
				GCC_WARN_ABOUT_RETURN_TYPE = YES_ERROR;
				GCC_WARN_UNDECLARED_SELECTOR = YES;
				GCC_WARN_UNINITIALIZED_AUTOS = YES_AGGRESSIVE;
				GCC_WARN_UNUSED_FUNCTION = YES;
				GCC_WARN_UNUSED_VARIABLE = YES;
				IPHONEOS_DEPLOYMENT_TARGET = 13.0;
				MTL_ENABLE_DEBUG_INFO = INCLUDE_SOURCE;
				MTL_FAST_MATH = YES;
				ONLY_ACTIVE_ARCH = YES;
				SDKROOT = iphoneos;
				SWIFT_ACTIVE_COMPILATION_CONDITIONS = DEBUG;
				SWIFT_OPTIMIZATION_LEVEL = "-Onone";
			};
			name = Debug;
		};
		C792981326BF05F80022716D /* Release */ = {
			isa = XCBuildConfiguration;
			buildSettings = {
				ALWAYS_SEARCH_USER_PATHS = NO;
				CLANG_ANALYZER_NONNULL = YES;
				CLANG_ANALYZER_NUMBER_OBJECT_CONVERSION = YES_AGGRESSIVE;
				CLANG_CXX_LANGUAGE_STANDARD = "gnu++14";
				CLANG_CXX_LIBRARY = "libc++";
				CLANG_ENABLE_MODULES = YES;
				CLANG_ENABLE_OBJC_ARC = YES;
				CLANG_ENABLE_OBJC_WEAK = YES;
				CLANG_WARN_BLOCK_CAPTURE_AUTORELEASING = YES;
				CLANG_WARN_BOOL_CONVERSION = YES;
				CLANG_WARN_COMMA = YES;
				CLANG_WARN_CONSTANT_CONVERSION = YES;
				CLANG_WARN_DEPRECATED_OBJC_IMPLEMENTATIONS = YES;
				CLANG_WARN_DIRECT_OBJC_ISA_USAGE = YES_ERROR;
				CLANG_WARN_DOCUMENTATION_COMMENTS = YES;
				CLANG_WARN_EMPTY_BODY = YES;
				CLANG_WARN_ENUM_CONVERSION = YES;
				CLANG_WARN_INFINITE_RECURSION = YES;
				CLANG_WARN_INT_CONVERSION = YES;
				CLANG_WARN_NON_LITERAL_NULL_CONVERSION = YES;
				CLANG_WARN_OBJC_IMPLICIT_RETAIN_SELF = YES;
				CLANG_WARN_OBJC_LITERAL_CONVERSION = YES;
				CLANG_WARN_OBJC_ROOT_CLASS = YES_ERROR;
				CLANG_WARN_QUOTED_INCLUDE_IN_FRAMEWORK_HEADER = YES;
				CLANG_WARN_RANGE_LOOP_ANALYSIS = YES;
				CLANG_WARN_STRICT_PROTOTYPES = YES;
				CLANG_WARN_SUSPICIOUS_MOVE = YES;
				CLANG_WARN_UNGUARDED_AVAILABILITY = YES_AGGRESSIVE;
				CLANG_WARN_UNREACHABLE_CODE = YES;
				CLANG_WARN__DUPLICATE_METHOD_MATCH = YES;
				COPY_PHASE_STRIP = NO;
				DEBUG_INFORMATION_FORMAT = "dwarf-with-dsym";
				ENABLE_NS_ASSERTIONS = NO;
				ENABLE_STRICT_OBJC_MSGSEND = YES;
				GCC_C_LANGUAGE_STANDARD = gnu11;
				GCC_NO_COMMON_BLOCKS = YES;
				GCC_WARN_64_TO_32_BIT_CONVERSION = YES;
				GCC_WARN_ABOUT_RETURN_TYPE = YES_ERROR;
				GCC_WARN_UNDECLARED_SELECTOR = YES;
				GCC_WARN_UNINITIALIZED_AUTOS = YES_AGGRESSIVE;
				GCC_WARN_UNUSED_FUNCTION = YES;
				GCC_WARN_UNUSED_VARIABLE = YES;
				IPHONEOS_DEPLOYMENT_TARGET = 13.0;
				MTL_ENABLE_DEBUG_INFO = NO;
				MTL_FAST_MATH = YES;
				SDKROOT = iphoneos;
				SWIFT_COMPILATION_MODE = wholemodule;
				SWIFT_OPTIMIZATION_LEVEL = "-O";
				VALIDATE_PRODUCT = YES;
			};
			name = Release;
		};
		C792981526BF05F80022716D /* Debug */ = {
			isa = XCBuildConfiguration;
			baseConfigurationReference = 042B7C4741254E0FAB73C39A /* Pods-Komarista.debug.xcconfig */;
			buildSettings = {
				ASSETCATALOG_COMPILER_APPICON_NAME = AppIcon;
				ASSETCATALOG_COMPILER_GLOBAL_ACCENT_COLOR_NAME = AccentColor;
				CODE_SIGN_STYLE = Automatic;
				DEVELOPMENT_ASSET_PATHS = "\"Komarista/Preview Content\"";
				ENABLE_PREVIEWS = YES;
				INFOPLIST_FILE = Komarista/Info.plist;
				IPHONEOS_DEPLOYMENT_TARGET = 13.0;
				LD_RUNPATH_SEARCH_PATHS = (
					"$(inherited)",
					"@executable_path/Frameworks",
				);
				PRODUCT_BUNDLE_IDENTIFIER = "com.x-softy.Komarista";
				PRODUCT_NAME = "$(TARGET_NAME)";
				SWIFT_VERSION = 5.0;
				TARGETED_DEVICE_FAMILY = 1;
			};
			name = Debug;
		};
		C792981626BF05F80022716D /* Release */ = {
			isa = XCBuildConfiguration;
			baseConfigurationReference = 44BFE8F6F37ECE3725E6C2D0 /* Pods-Komarista.release.xcconfig */;
			buildSettings = {
				ASSETCATALOG_COMPILER_APPICON_NAME = AppIcon;
				ASSETCATALOG_COMPILER_GLOBAL_ACCENT_COLOR_NAME = AccentColor;
				CODE_SIGN_STYLE = Automatic;
				DEVELOPMENT_ASSET_PATHS = "\"Komarista/Preview Content\"";
				ENABLE_PREVIEWS = YES;
				INFOPLIST_FILE = Komarista/Info.plist;
				IPHONEOS_DEPLOYMENT_TARGET = 13.0;
				LD_RUNPATH_SEARCH_PATHS = (
					"$(inherited)",
					"@executable_path/Frameworks",
				);
				PRODUCT_BUNDLE_IDENTIFIER = "com.x-softy.Komarista";
				PRODUCT_NAME = "$(TARGET_NAME)";
				SWIFT_VERSION = 5.0;
				TARGETED_DEVICE_FAMILY = 1;
			};
			name = Release;
		};
		C792981826BF05F80022716D /* Debug */ = {
			isa = XCBuildConfiguration;
			baseConfigurationReference = 80709A091B868A4EB7CA4D73 /* Pods-KomaristaTests.debug.xcconfig */;
			buildSettings = {
				ALWAYS_EMBED_SWIFT_STANDARD_LIBRARIES = YES;
				BUNDLE_LOADER = "$(TEST_HOST)";
				CODE_SIGN_STYLE = Automatic;
				INFOPLIST_FILE = KomaristaTests/Info.plist;
				IPHONEOS_DEPLOYMENT_TARGET = 14.4;
				LD_RUNPATH_SEARCH_PATHS = (
					"$(inherited)",
					"@executable_path/Frameworks",
					"@loader_path/Frameworks",
				);
				PRODUCT_BUNDLE_IDENTIFIER = "com.x-softy.KomaristaTests";
				PRODUCT_NAME = "$(TARGET_NAME)";
				SWIFT_VERSION = 5.0;
				TARGETED_DEVICE_FAMILY = "1,2";
				TEST_HOST = "$(BUILT_PRODUCTS_DIR)/Komarista.app/Komarista";
			};
			name = Debug;
		};
		C792981926BF05F80022716D /* Release */ = {
			isa = XCBuildConfiguration;
			baseConfigurationReference = 461E8B7BCB7F9584F4FAE1DF /* Pods-KomaristaTests.release.xcconfig */;
			buildSettings = {
				ALWAYS_EMBED_SWIFT_STANDARD_LIBRARIES = YES;
				BUNDLE_LOADER = "$(TEST_HOST)";
				CODE_SIGN_STYLE = Automatic;
				INFOPLIST_FILE = KomaristaTests/Info.plist;
				IPHONEOS_DEPLOYMENT_TARGET = 14.4;
				LD_RUNPATH_SEARCH_PATHS = (
					"$(inherited)",
					"@executable_path/Frameworks",
					"@loader_path/Frameworks",
				);
				PRODUCT_BUNDLE_IDENTIFIER = "com.x-softy.KomaristaTests";
				PRODUCT_NAME = "$(TARGET_NAME)";
				SWIFT_VERSION = 5.0;
				TARGETED_DEVICE_FAMILY = "1,2";
				TEST_HOST = "$(BUILT_PRODUCTS_DIR)/Komarista.app/Komarista";
			};
			name = Release;
		};
		C792981B26BF05F80022716D /* Debug */ = {
			isa = XCBuildConfiguration;
			baseConfigurationReference = F1CF3D136052E180F4978578 /* Pods-Komarista-KomaristaUITests.debug.xcconfig */;
			buildSettings = {
				ALWAYS_EMBED_SWIFT_STANDARD_LIBRARIES = YES;
				CODE_SIGN_STYLE = Automatic;
				INFOPLIST_FILE = KomaristaUITests/Info.plist;
				LD_RUNPATH_SEARCH_PATHS = (
					"$(inherited)",
					"@executable_path/Frameworks",
					"@loader_path/Frameworks",
				);
				PRODUCT_BUNDLE_IDENTIFIER = "com.x-softy.KomaristaUITests";
				PRODUCT_NAME = "$(TARGET_NAME)";
				SWIFT_VERSION = 5.0;
				TARGETED_DEVICE_FAMILY = "1,2";
				TEST_TARGET_NAME = Komarista;
			};
			name = Debug;
		};
		C792981C26BF05F80022716D /* Release */ = {
			isa = XCBuildConfiguration;
			baseConfigurationReference = 26EA7F5C60316E26ED873929 /* Pods-Komarista-KomaristaUITests.release.xcconfig */;
			buildSettings = {
				ALWAYS_EMBED_SWIFT_STANDARD_LIBRARIES = YES;
				CODE_SIGN_STYLE = Automatic;
				INFOPLIST_FILE = KomaristaUITests/Info.plist;
				LD_RUNPATH_SEARCH_PATHS = (
					"$(inherited)",
					"@executable_path/Frameworks",
					"@loader_path/Frameworks",
				);
				PRODUCT_BUNDLE_IDENTIFIER = "com.x-softy.KomaristaUITests";
				PRODUCT_NAME = "$(TARGET_NAME)";
				SWIFT_VERSION = 5.0;
				TARGETED_DEVICE_FAMILY = "1,2";
				TEST_TARGET_NAME = Komarista;
			};
			name = Release;
		};
/* End XCBuildConfiguration section */

/* Begin XCConfigurationList section */
		C79297E526BF05F70022716D /* Build configuration list for PBXProject "Komarista" */ = {
			isa = XCConfigurationList;
			buildConfigurations = (
				C792981226BF05F80022716D /* Debug */,
				C792981326BF05F80022716D /* Release */,
			);
			defaultConfigurationIsVisible = 0;
			defaultConfigurationName = Release;
		};
		C792981426BF05F80022716D /* Build configuration list for PBXNativeTarget "Komarista" */ = {
			isa = XCConfigurationList;
			buildConfigurations = (
				C792981526BF05F80022716D /* Debug */,
				C792981626BF05F80022716D /* Release */,
			);
			defaultConfigurationIsVisible = 0;
			defaultConfigurationName = Release;
		};
		C792981726BF05F80022716D /* Build configuration list for PBXNativeTarget "KomaristaTests" */ = {
			isa = XCConfigurationList;
			buildConfigurations = (
				C792981826BF05F80022716D /* Debug */,
				C792981926BF05F80022716D /* Release */,
			);
			defaultConfigurationIsVisible = 0;
			defaultConfigurationName = Release;
		};
		C792981A26BF05F80022716D /* Build configuration list for PBXNativeTarget "KomaristaUITests" */ = {
			isa = XCConfigurationList;
			buildConfigurations = (
				C792981B26BF05F80022716D /* Debug */,
				C792981C26BF05F80022716D /* Release */,
			);
			defaultConfigurationIsVisible = 0;
			defaultConfigurationName = Release;
		};
/* End XCConfigurationList section */
	};
	rootObject = C79297E226BF05F70022716D /* Project object */;
}
